
Microsoft Visual Studio Solution File, Format Version 12.00
# Visual Studio 14
VisualStudioVersion = 14.0.25420.1
MinimumVisualStudioVersion = 10.0.40219.1
Project("{2150E333-8FDC-42A3-9474-1A3956D46DE8}") = "src", "src", "{0E63C9A2-3CFE-4877-9781-564FDC5BCCA6}"
EndProject
Project("{2150E333-8FDC-42A3-9474-1A3956D46DE8}") = "Solution Items", "Solution Items", "{1E19F2B7-8770-4FF7-A79F-C4205751B313}"
	ProjectSection(SolutionItems) = preProject
		global.json = global.json
	EndProjectSection
EndProject
Project("{8BB2217D-0F2D-49D1-97BC-3654ED321F3B}") = "Shooter.Web", "src\corestartproject\Shooter.Web.xproj", "{5A2C8E5F-B3A0-4FED-A02F-3D1C8CFA47EE}"
EndProject
Project("{2150E333-8FDC-42A3-9474-1A3956D46DE8}") = "Core", "Core", "{950681C8-6D8F-4976-91FB-BDEB02C7D625}"
EndProject
Project("{8BB2217D-0F2D-49D1-97BC-3654ED321F3B}") = "Core", "Core\Core\Core.xproj", "{FBC248EF-F76F-4219-BDB5-1951CF2CC398}"
EndProject
Project("{2150E333-8FDC-42A3-9474-1A3956D46DE8}") = "Services", "Services", "{A5D4A191-30AB-4B08-A3E3-2EBF57A28427}"
EndProject
Project("{8BB2217D-0F2D-49D1-97BC-3654ED321F3B}") = "GameServices", "GameServices\GameServices.xproj", "{8A1BAF7D-9844-4E95-8158-FF16ED00281A}"
EndProject
Project("{8BB2217D-0F2D-49D1-97BC-3654ED321F3B}") = "GameLogic", "GameLogic\GameLogic.xproj", "{8EEB9FF4-C0E3-4EFB-B383-1A3A76224EE7}"
EndProject
Global
	GlobalSection(SolutionConfigurationPlatforms) = preSolution
		Debug|Any CPU = Debug|Any CPU
		Release|Any CPU = Release|Any CPU
	EndGlobalSection
	GlobalSection(ProjectConfigurationPlatforms) = postSolution
		{5A2C8E5F-B3A0-4FED-A02F-3D1C8CFA47EE}.Debug|Any CPU.ActiveCfg = Debug|Any CPU
		{5A2C8E5F-B3A0-4FED-A02F-3D1C8CFA47EE}.Debug|Any CPU.Build.0 = Debug|Any CPU
		{5A2C8E5F-B3A0-4FED-A02F-3D1C8CFA47EE}.Release|Any CPU.ActiveCfg = Release|Any CPU
		{5A2C8E5F-B3A0-4FED-A02F-3D1C8CFA47EE}.Release|Any CPU.Build.0 = Release|Any CPU
		{FBC248EF-F76F-4219-BDB5-1951CF2CC398}.Debug|Any CPU.ActiveCfg = Debug|Any CPU
		{FBC248EF-F76F-4219-BDB5-1951CF2CC398}.Debug|Any CPU.Build.0 = Debug|Any CPU
		{FBC248EF-F76F-4219-BDB5-1951CF2CC398}.Release|Any CPU.ActiveCfg = Release|Any CPU
		{FBC248EF-F76F-4219-BDB5-1951CF2CC398}.Release|Any CPU.Build.0 = Release|Any CPU
		{8A1BAF7D-9844-4E95-8158-FF16ED00281A}.Debug|Any CPU.ActiveCfg = Debug|Any CPU
		{8A1BAF7D-9844-4E95-8158-FF16ED00281A}.Debug|Any CPU.Build.0 = Debug|Any CPU
		{8A1BAF7D-9844-4E95-8158-FF16ED00281A}.Release|Any CPU.ActiveCfg = Release|Any CPU
		{8A1BAF7D-9844-4E95-8158-FF16ED00281A}.Release|Any CPU.Build.0 = Release|Any CPU
		{8EEB9FF4-C0E3-4EFB-B383-1A3A76224EE7}.Debug|Any CPU.ActiveCfg = Debug|Any CPU
		{8EEB9FF4-C0E3-4EFB-B383-1A3A76224EE7}.Debug|Any CPU.Build.0 = Debug|Any CPU
		{8EEB9FF4-C0E3-4EFB-B383-1A3A76224EE7}.Release|Any CPU.ActiveCfg = Release|Any CPU
		{8EEB9FF4-C0E3-4EFB-B383-1A3A76224EE7}.Release|Any CPU.Build.0 = Release|Any CPU
	EndGlobalSection
	GlobalSection(SolutionProperties) = preSolution
		HideSolutionNode = FALSE
	EndGlobalSection
	GlobalSection(NestedProjects) = preSolution
		{5A2C8E5F-B3A0-4FED-A02F-3D1C8CFA47EE} = {0E63C9A2-3CFE-4877-9781-564FDC5BCCA6}
		{FBC248EF-F76F-4219-BDB5-1951CF2CC398} = {950681C8-6D8F-4976-91FB-BDEB02C7D625}
		{8A1BAF7D-9844-4E95-8158-FF16ED00281A} = {A5D4A191-30AB-4B08-A3E3-2EBF57A28427}
		{8EEB9FF4-C0E3-4EFB-B383-1A3A76224EE7} = {A5D4A191-30AB-4B08-A3E3-2EBF57A28427}
	EndGlobalSection
EndGlobal
